
Microsoft Visual Studio Solution File, Format Version 12.00
# Visual Studio Version 16
VisualStudioVersion = 16.0.32802.440
MinimumVisualStudioVersion = 10.0.40219.1
Project("{FAE04EC0-301F-11D3-BF4B-00C04F79EFBC}") = "Portafoli_09_Mariel", "Portafoli_09_Mariel\Portafoli_09_Mariel.csproj", "{35AE0BB3-D691-443B-AEE3-836D35504885}"
EndProject
Global
	GlobalSection(SolutionConfigurationPlatforms) = preSolution
		Debug|Any CPU = Debug|Any CPU
		Release|Any CPU = Release|Any CPU
	EndGlobalSection
	GlobalSection(ProjectConfigurationPlatforms) = postSolution
		{35AE0BB3-D691-443B-AEE3-836D35504885}.Debug|Any CPU.ActiveCfg = Debug|Any CPU
		{35AE0BB3-D691-443B-AEE3-836D35504885}.Debug|Any CPU.Build.0 = Debug|Any CPU
		{35AE0BB3-D691-443B-AEE3-836D35504885}.Release|Any CPU.ActiveCfg = Release|Any CPU
		{35AE0BB3-D691-443B-AEE3-836D35504885}.Release|Any CPU.Build.0 = Release|Any CPU
	EndGlobalSection
	GlobalSection(SolutionProperties) = preSolution
		HideSolutionNode = FALSE
	EndGlobalSection
	GlobalSection(ExtensibilityGlobals) = postSolution
		SolutionGuid = {4957EFDC-A16F-4098-A0CE-62647D0DCD72}
	EndGlobalSection
EndGlobal
